
Microsoft Visual Studio Solution File, Format Version 12.00
# Visual Studio Version 17
VisualStudioVersion = 17.4.33213.308
MinimumVisualStudioVersion = 10.0.40219.1
Project("{FAE04EC0-301F-11D3-BF4B-00C04F79EFBC}") = "VictorinaEditionHomeWork", "VictorinaEditionHomeWork\VictorinaEditionHomeWork.csproj", "{FFF10AFE-E132-48E4-B255-E2DE95FA164F}"
EndProject
Global
	GlobalSection(SolutionConfigurationPlatforms) = preSolution
		Debug|Any CPU = Debug|Any CPU
		Release|Any CPU = Release|Any CPU
	EndGlobalSection
	GlobalSection(ProjectConfigurationPlatforms) = postSolution
		{FFF10AFE-E132-48E4-B255-E2DE95FA164F}.Debug|Any CPU.ActiveCfg = Debug|Any CPU
		{FFF10AFE-E132-48E4-B255-E2DE95FA164F}.Debug|Any CPU.Build.0 = Debug|Any CPU
		{FFF10AFE-E132-48E4-B255-E2DE95FA164F}.Release|Any CPU.ActiveCfg = Release|Any CPU
		{FFF10AFE-E132-48E4-B255-E2DE95FA164F}.Release|Any CPU.Build.0 = Release|Any CPU
	EndGlobalSection
	GlobalSection(SolutionProperties) = preSolution
		HideSolutionNode = FALSE
	EndGlobalSection
	GlobalSection(ExtensibilityGlobals) = postSolution
		SolutionGuid = {F6253451-B86D-4E4A-93BA-45E099CBF948}
	EndGlobalSection
EndGlobal
